
Microsoft Visual Studio Solution File, Format Version 12.00
# Visual Studio 15
VisualStudioVersion = 15.0.28307.572
MinimumVisualStudioVersion = 10.0.40219.1
Project("{FAE04EC0-301F-11D3-BF4B-00C04F79EFBC}") = "app", "app\app.csproj", "{F99FDB02-A26C-475D-9257-905F64AB7544}"
EndProject
Global
	GlobalSection(SolutionConfigurationPlatforms) = preSolution
		Debug|Any CPU = Debug|Any CPU
		Release|Any CPU = Release|Any CPU
	EndGlobalSection
	GlobalSection(ProjectConfigurationPlatforms) = postSolution
		{F99FDB02-A26C-475D-9257-905F64AB7544}.Debug|Any CPU.ActiveCfg = Debug|Any CPU
		{F99FDB02-A26C-475D-9257-905F64AB7544}.Debug|Any CPU.Build.0 = Debug|Any CPU
		{F99FDB02-A26C-475D-9257-905F64AB7544}.Release|Any CPU.ActiveCfg = Release|Any CPU
		{F99FDB02-A26C-475D-9257-905F64AB7544}.Release|Any CPU.Build.0 = Release|Any CPU
	EndGlobalSection
	GlobalSection(SolutionProperties) = preSolution
		HideSolutionNode = FALSE
	EndGlobalSection
	GlobalSection(ExtensibilityGlobals) = postSolution
		SolutionGuid = {DAA49CCA-D64F-4A13-ACB5-6C8E55DCD715}
	EndGlobalSection
EndGlobal
